
Microsoft Visual Studio Solution File, Format Version 12.00
# Visual Studio 15
Project("{FAE04EC0-301F-11D3-BF4B-00C04F79EFBC}") = "Assembly-CSharp", "Assembly-CSharp.csproj", "{373CB6B6-F4C5-DC50-2593-F01C4CAEFF1A}"
EndProject
Project("{FAE04EC0-301F-11D3-BF4B-00C04F79EFBC}") = "PhotonUnityNetworking.Demos", "PhotonUnityNetworking.Demos.csproj", "{26EB02F5-212B-3731-1D3D-7EEE902940E9}"
EndProject
Project("{FAE04EC0-301F-11D3-BF4B-00C04F79EFBC}") = "PhotonRealtime", "PhotonRealtime.csproj", "{E1E90DE6-9809-92FD-BDC6-CFB9CA98A9A5}"
EndProject
Project("{FAE04EC0-301F-11D3-BF4B-00C04F79EFBC}") = "PhotonUnityNetworking", "PhotonUnityNetworking.csproj", "{04CDE3E0-9D68-72F4-A3AE-A8FE53ADCEB7}"
EndProject
Project("{FAE04EC0-301F-11D3-BF4B-00C04F79EFBC}") = "PhotonUnityNetworking.Utilities", "PhotonUnityNetworking.Utilities.csproj", "{70B315E1-F598-97E2-906D-C0EDEE053232}"
EndProject
Project("{FAE04EC0-301F-11D3-BF4B-00C04F79EFBC}") = "PhotonChat", "PhotonChat.csproj", "{563D8F71-5E98-78D9-8A70-ECF6EB8F1F51}"
EndProject
Project("{FAE04EC0-301F-11D3-BF4B-00C04F79EFBC}") = "PhotonUnityNetworking.Editor", "PhotonUnityNetworking.Editor.csproj", "{A8218426-28C6-EC7C-60AE-5F56B61E558E}"
EndProject
Project("{FAE04EC0-301F-11D3-BF4B-00C04F79EFBC}") = "Microsoft.VCRTForwarders.140", "Microsoft.VCRTForwarders.140.csproj", "{3FE6290F-898E-BEDF-9948-4D857BAEC3E7}"
EndProject
Project("{FAE04EC0-301F-11D3-BF4B-00C04F79EFBC}") = "PhotonUnityNetworking.Utilities.PhotonPlayer.Editor", "PhotonUnityNetworking.Utilities.PhotonPlayer.Editor.csproj", "{1F726835-BDB0-0DB8-5FD0-C3F19360B7E0}"
EndProject
Project("{FAE04EC0-301F-11D3-BF4B-00C04F79EFBC}") = "PunDemos.DemoSlotcarEditor", "PunDemos.DemoSlotcarEditor.csproj", "{ABFF9D67-F35E-7630-3617-0D044DF7E6C3}"
EndProject
Project("{FAE04EC0-301F-11D3-BF4B-00C04F79EFBC}") = "PhotonUnityNetworking.Utilities.Culling.Editor", "PhotonUnityNetworking.Utilities.Culling.Editor.csproj", "{0EB214E7-80D2-217A-F8E7-A0AFF15E4203}"
EndProject
Project("{FAE04EC0-301F-11D3-BF4B-00C04F79EFBC}") = "PunDemos.DemoHubEditor", "PunDemos.DemoHubEditor.csproj", "{82FD75AE-5CAB-167B-69A2-9A5039921AB2}"
EndProject
Project("{FAE04EC0-301F-11D3-BF4B-00C04F79EFBC}") = "Microsoft.MixedReality.QR.Editor", "Microsoft.MixedReality.QR.Editor.csproj", "{09704813-6458-7483-57D5-A4EAFCD96732}"
EndProject
Project("{FAE04EC0-301F-11D3-BF4B-00C04F79EFBC}") = "Assembly-CSharp-Editor", "Assembly-CSharp-Editor.csproj", "{A9996ADB-A810-DBAD-F74F-BF23560ABD7C}"
EndProject
Global
	GlobalSection(SolutionConfigurationPlatforms) = preSolution
		Debug|Any CPU = Debug|Any CPU
		Release|Any CPU = Release|Any CPU
	EndGlobalSection
	GlobalSection(ProjectConfigurationPlatforms) = postSolution
		{373CB6B6-F4C5-DC50-2593-F01C4CAEFF1A}.Debug|Any CPU.ActiveCfg = Debug|Any CPU
		{373CB6B6-F4C5-DC50-2593-F01C4CAEFF1A}.Debug|Any CPU.Build.0 = Debug|Any CPU
		{373CB6B6-F4C5-DC50-2593-F01C4CAEFF1A}.Release|Any CPU.ActiveCfg = Release|Any CPU
		{373CB6B6-F4C5-DC50-2593-F01C4CAEFF1A}.Release|Any CPU.Build.0 = Release|Any CPU
		{26EB02F5-212B-3731-1D3D-7EEE902940E9}.Debug|Any CPU.ActiveCfg = Debug|Any CPU
		{26EB02F5-212B-3731-1D3D-7EEE902940E9}.Debug|Any CPU.Build.0 = Debug|Any CPU
		{26EB02F5-212B-3731-1D3D-7EEE902940E9}.Release|Any CPU.ActiveCfg = Release|Any CPU
		{26EB02F5-212B-3731-1D3D-7EEE902940E9}.Release|Any CPU.Build.0 = Release|Any CPU
		{E1E90DE6-9809-92FD-BDC6-CFB9CA98A9A5}.Debug|Any CPU.ActiveCfg = Debug|Any CPU
		{E1E90DE6-9809-92FD-BDC6-CFB9CA98A9A5}.Debug|Any CPU.Build.0 = Debug|Any CPU
		{E1E90DE6-9809-92FD-BDC6-CFB9CA98A9A5}.Release|Any CPU.ActiveCfg = Release|Any CPU
		{E1E90DE6-9809-92FD-BDC6-CFB9CA98A9A5}.Release|Any CPU.Build.0 = Release|Any CPU
		{04CDE3E0-9D68-72F4-A3AE-A8FE53ADCEB7}.Debug|Any CPU.ActiveCfg = Debug|Any CPU
		{04CDE3E0-9D68-72F4-A3AE-A8FE53ADCEB7}.Debug|Any CPU.Build.0 = Debug|Any CPU
		{04CDE3E0-9D68-72F4-A3AE-A8FE53ADCEB7}.Release|Any CPU.ActiveCfg = Release|Any CPU
		{04CDE3E0-9D68-72F4-A3AE-A8FE53ADCEB7}.Release|Any CPU.Build.0 = Release|Any CPU
		{70B315E1-F598-97E2-906D-C0EDEE053232}.Debug|Any CPU.ActiveCfg = Debug|Any CPU
		{70B315E1-F598-97E2-906D-C0EDEE053232}.Debug|Any CPU.Build.0 = Debug|Any CPU
		{70B315E1-F598-97E2-906D-C0EDEE053232}.Release|Any CPU.ActiveCfg = Release|Any CPU
		{70B315E1-F598-97E2-906D-C0EDEE053232}.Release|Any CPU.Build.0 = Release|Any CPU
		{563D8F71-5E98-78D9-8A70-ECF6EB8F1F51}.Debug|Any CPU.ActiveCfg = Debug|Any CPU
		{563D8F71-5E98-78D9-8A70-ECF6EB8F1F51}.Debug|Any CPU.Build.0 = Debug|Any CPU
		{563D8F71-5E98-78D9-8A70-ECF6EB8F1F51}.Release|Any CPU.ActiveCfg = Release|Any CPU
		{563D8F71-5E98-78D9-8A70-ECF6EB8F1F51}.Release|Any CPU.Build.0 = Release|Any CPU
		{A8218426-28C6-EC7C-60AE-5F56B61E558E}.Debug|Any CPU.ActiveCfg = Debug|Any CPU
		{A8218426-28C6-EC7C-60AE-5F56B61E558E}.Debug|Any CPU.Build.0 = Debug|Any CPU
		{A8218426-28C6-EC7C-60AE-5F56B61E558E}.Release|Any CPU.ActiveCfg = Release|Any CPU
		{A8218426-28C6-EC7C-60AE-5F56B61E558E}.Release|Any CPU.Build.0 = Release|Any CPU
		{3FE6290F-898E-BEDF-9948-4D857BAEC3E7}.Debug|Any CPU.ActiveCfg = Debug|Any CPU
		{3FE6290F-898E-BEDF-9948-4D857BAEC3E7}.Debug|Any CPU.Build.0 = Debug|Any CPU
		{3FE6290F-898E-BEDF-9948-4D857BAEC3E7}.Release|Any CPU.ActiveCfg = Release|Any CPU
		{3FE6290F-898E-BEDF-9948-4D857BAEC3E7}.Release|Any CPU.Build.0 = Release|Any CPU
		{1F726835-BDB0-0DB8-5FD0-C3F19360B7E0}.Debug|Any CPU.ActiveCfg = Debug|Any CPU
		{1F726835-BDB0-0DB8-5FD0-C3F19360B7E0}.Debug|Any CPU.Build.0 = Debug|Any CPU
		{1F726835-BDB0-0DB8-5FD0-C3F19360B7E0}.Release|Any CPU.ActiveCfg = Release|Any CPU
		{1F726835-BDB0-0DB8-5FD0-C3F19360B7E0}.Release|Any CPU.Build.0 = Release|Any CPU
		{ABFF9D67-F35E-7630-3617-0D044DF7E6C3}.Debug|Any CPU.ActiveCfg = Debug|Any CPU
		{ABFF9D67-F35E-7630-3617-0D044DF7E6C3}.Debug|Any CPU.Build.0 = Debug|Any CPU
		{ABFF9D67-F35E-7630-3617-0D044DF7E6C3}.Release|Any CPU.ActiveCfg = Release|Any CPU
		{ABFF9D67-F35E-7630-3617-0D044DF7E6C3}.Release|Any CPU.Build.0 = Release|Any CPU
		{0EB214E7-80D2-217A-F8E7-A0AFF15E4203}.Debug|Any CPU.ActiveCfg = Debug|Any CPU
		{0EB214E7-80D2-217A-F8E7-A0AFF15E4203}.Debug|Any CPU.Build.0 = Debug|Any CPU
		{0EB214E7-80D2-217A-F8E7-A0AFF15E4203}.Release|Any CPU.ActiveCfg = Release|Any CPU
		{0EB214E7-80D2-217A-F8E7-A0AFF15E4203}.Release|Any CPU.Build.0 = Release|Any CPU
		{82FD75AE-5CAB-167B-69A2-9A5039921AB2}.Debug|Any CPU.ActiveCfg = Debug|Any CPU
		{82FD75AE-5CAB-167B-69A2-9A5039921AB2}.Debug|Any CPU.Build.0 = Debug|Any CPU
		{82FD75AE-5CAB-167B-69A2-9A5039921AB2}.Release|Any CPU.ActiveCfg = Release|Any CPU
		{82FD75AE-5CAB-167B-69A2-9A5039921AB2}.Release|Any CPU.Build.0 = Release|Any CPU
		{09704813-6458-7483-57D5-A4EAFCD96732}.Debug|Any CPU.ActiveCfg = Debug|Any CPU
		{09704813-6458-7483-57D5-A4EAFCD96732}.Debug|Any CPU.Build.0 = Debug|Any CPU
		{09704813-6458-7483-57D5-A4EAFCD96732}.Release|Any CPU.ActiveCfg = Release|Any CPU
		{09704813-6458-7483-57D5-A4EAFCD96732}.Release|Any CPU.Build.0 = Release|Any CPU
		{A9996ADB-A810-DBAD-F74F-BF23560ABD7C}.Debug|Any CPU.ActiveCfg = Debug|Any CPU
		{A9996ADB-A810-DBAD-F74F-BF23560ABD7C}.Debug|Any CPU.Build.0 = Debug|Any CPU
		{A9996ADB-A810-DBAD-F74F-BF23560ABD7C}.Release|Any CPU.ActiveCfg = Release|Any CPU
		{A9996ADB-A810-DBAD-F74F-BF23560ABD7C}.Release|Any CPU.Build.0 = Release|Any CPU
	EndGlobalSection
	GlobalSection(SolutionProperties) = preSolution
		HideSolutionNode = FALSE
	EndGlobalSection
EndGlobal
